
Microsoft Visual Studio Solution File, Format Version 12.00
# Visual Studio Version 17
VisualStudioVersion = 17.14.36121.58 d17.14
MinimumVisualStudioVersion = 10.0.40219.1
Project("{FAE04EC0-301F-11D3-BF4B-00C04F79EFBC}") = "EventAuthApi", "EventAuthApi\EventAuthApi.csproj", "{966365B9-3BFD-44A2-9959-8D86A87D5AF4}"
EndProject
Global
	GlobalSection(SolutionConfigurationPlatforms) = preSolution
		Debug|Any CPU = Debug|Any CPU
		Release|Any CPU = Release|Any CPU
	EndGlobalSection
	GlobalSection(ProjectConfigurationPlatforms) = postSolution
		{966365B9-3BFD-44A2-9959-8D86A87D5AF4}.Debug|Any CPU.ActiveCfg = Debug|Any CPU
		{966365B9-3BFD-44A2-9959-8D86A87D5AF4}.Debug|Any CPU.Build.0 = Debug|Any CPU
		{966365B9-3BFD-44A2-9959-8D86A87D5AF4}.Release|Any CPU.ActiveCfg = Release|Any CPU
		{966365B9-3BFD-44A2-9959-8D86A87D5AF4}.Release|Any CPU.Build.0 = Release|Any CPU
	EndGlobalSection
	GlobalSection(SolutionProperties) = preSolution
		HideSolutionNode = FALSE
	EndGlobalSection
	GlobalSection(ExtensibilityGlobals) = postSolution
		SolutionGuid = {360C900A-DBCE-4618-B18F-6FF76DCF55E2}
	EndGlobalSection
EndGlobal
